
Microsoft Visual Studio Solution File, Format Version 12.00
# Visual Studio Version 16
VisualStudioVersion = 16.0.30406.217
MinimumVisualStudioVersion = 10.0.40219.1
Project("{9A19103F-16F7-4668-BE54-9A1E7A4F7556}") = "Agl-Tcs-Test", "Agl-Tcs-Test\Agl-Tcs-Test.csproj", "{7D6DD7C5-1DA2-4E5A-904B-BAEB041E4BFF}"
EndProject
Project("{FAE04EC0-301F-11D3-BF4B-00C04F79EFBC}") = "Agl-Tcs-Test.Unit.Tests", "Agl-Tcs-Test.Unit.Tests\Agl-Tcs-Test.Unit.Tests.csproj", "{D84D55A5-FF9C-4615-8EED-8E408F070FAA}"
EndProject
Global
	GlobalSection(SolutionConfigurationPlatforms) = preSolution
		Debug|Any CPU = Debug|Any CPU
		Release|Any CPU = Release|Any CPU
	EndGlobalSection
	GlobalSection(ProjectConfigurationPlatforms) = postSolution
		{7D6DD7C5-1DA2-4E5A-904B-BAEB041E4BFF}.Debug|Any CPU.ActiveCfg = Debug|Any CPU
		{7D6DD7C5-1DA2-4E5A-904B-BAEB041E4BFF}.Debug|Any CPU.Build.0 = Debug|Any CPU
		{7D6DD7C5-1DA2-4E5A-904B-BAEB041E4BFF}.Release|Any CPU.ActiveCfg = Release|Any CPU
		{7D6DD7C5-1DA2-4E5A-904B-BAEB041E4BFF}.Release|Any CPU.Build.0 = Release|Any CPU
		{D84D55A5-FF9C-4615-8EED-8E408F070FAA}.Debug|Any CPU.ActiveCfg = Debug|Any CPU
		{D84D55A5-FF9C-4615-8EED-8E408F070FAA}.Debug|Any CPU.Build.0 = Debug|Any CPU
		{D84D55A5-FF9C-4615-8EED-8E408F070FAA}.Release|Any CPU.ActiveCfg = Release|Any CPU
		{D84D55A5-FF9C-4615-8EED-8E408F070FAA}.Release|Any CPU.Build.0 = Release|Any CPU
	EndGlobalSection
	GlobalSection(SolutionProperties) = preSolution
		HideSolutionNode = FALSE
	EndGlobalSection
	GlobalSection(ExtensibilityGlobals) = postSolution
		SolutionGuid = {746E1F5E-E031-429E-9B0A-76CCD2FA186D}
	EndGlobalSection
EndGlobal
